
Microsoft Visual Studio Solution File, Format Version 12.00
# Visual Studio 14
VisualStudioVersion = 14.0.25420.1
MinimumVisualStudioVersion = 10.0.40219.1
Project("{FAE04EC0-301F-11D3-BF4B-00C04F79EFBC}") = "App1.cs", "App1.cs\App1.cs\App1.cs.csproj", "{5BBA82B3-7945-44D6-87D0-21E65F77DDB8}"
EndProject
Project("{FAE04EC0-301F-11D3-BF4B-00C04F79EFBC}") = "App1.cs.Droid", "App1.cs\App1.cs.Droid\App1.cs.Droid.csproj", "{F956D399-6FB8-4436-B0EA-CB042AA44063}"
EndProject
Project("{FAE04EC0-301F-11D3-BF4B-00C04F79EFBC}") = "App1.cs.iOS", "App1.cs\App1.cs.iOS\App1.cs.iOS.csproj", "{DFFF5873-E346-4297-A719-63683F0447EC}"
EndProject
Project("{FAE04EC0-301F-11D3-BF4B-00C04F79EFBC}") = "backendtestrest101", "backendtestrest101\backendtestrest101.csproj", "{4DA06297-7B08-42A7-A63B-D7E8BC513BCA}"
EndProject
Global
	GlobalSection(SolutionConfigurationPlatforms) = preSolution
		Ad-Hoc|Any CPU = Ad-Hoc|Any CPU
		Ad-Hoc|ARM = Ad-Hoc|ARM
		Ad-Hoc|iPhone = Ad-Hoc|iPhone
		Ad-Hoc|iPhoneSimulator = Ad-Hoc|iPhoneSimulator
		Ad-Hoc|x64 = Ad-Hoc|x64
		Ad-Hoc|x86 = Ad-Hoc|x86
		AppStore|Any CPU = AppStore|Any CPU
		AppStore|ARM = AppStore|ARM
		AppStore|iPhone = AppStore|iPhone
		AppStore|iPhoneSimulator = AppStore|iPhoneSimulator
		AppStore|x64 = AppStore|x64
		AppStore|x86 = AppStore|x86
		Debug|Any CPU = Debug|Any CPU
		Debug|ARM = Debug|ARM
		Debug|iPhone = Debug|iPhone
		Debug|iPhoneSimulator = Debug|iPhoneSimulator
		Debug|x64 = Debug|x64
		Debug|x86 = Debug|x86
		Release|Any CPU = Release|Any CPU
		Release|ARM = Release|ARM
		Release|iPhone = Release|iPhone
		Release|iPhoneSimulator = Release|iPhoneSimulator
		Release|x64 = Release|x64
		Release|x86 = Release|x86
	EndGlobalSection
	GlobalSection(ProjectConfigurationPlatforms) = postSolution
		{5BBA82B3-7945-44D6-87D0-21E65F77DDB8}.Ad-Hoc|Any CPU.ActiveCfg = Release|Any CPU
		{5BBA82B3-7945-44D6-87D0-21E65F77DDB8}.Ad-Hoc|Any CPU.Build.0 = Release|Any CPU
		{5BBA82B3-7945-44D6-87D0-21E65F77DDB8}.Ad-Hoc|ARM.ActiveCfg = Release|Any CPU
		{5BBA82B3-7945-44D6-87D0-21E65F77DDB8}.Ad-Hoc|ARM.Build.0 = Release|Any CPU
		{5BBA82B3-7945-44D6-87D0-21E65F77DDB8}.Ad-Hoc|iPhone.ActiveCfg = Release|Any CPU
		{5BBA82B3-7945-44D6-87D0-21E65F77DDB8}.Ad-Hoc|iPhone.Build.0 = Release|Any CPU
		{5BBA82B3-7945-44D6-87D0-21E65F77DDB8}.Ad-Hoc|iPhoneSimulator.ActiveCfg = Release|Any CPU
		{5BBA82B3-7945-44D6-87D0-21E65F77DDB8}.Ad-Hoc|iPhoneSimulator.Build.0 = Release|Any CPU
		{5BBA82B3-7945-44D6-87D0-21E65F77DDB8}.Ad-Hoc|x64.ActiveCfg = Release|Any CPU
		{5BBA82B3-7945-44D6-87D0-21E65F77DDB8}.Ad-Hoc|x64.Build.0 = Release|Any CPU
		{5BBA82B3-7945-44D6-87D0-21E65F77DDB8}.Ad-Hoc|x86.ActiveCfg = Release|Any CPU
		{5BBA82B3-7945-44D6-87D0-21E65F77DDB8}.Ad-Hoc|x86.Build.0 = Release|Any CPU
		{5BBA82B3-7945-44D6-87D0-21E65F77DDB8}.AppStore|Any CPU.ActiveCfg = Release|Any CPU
		{5BBA82B3-7945-44D6-87D0-21E65F77DDB8}.AppStore|Any CPU.Build.0 = Release|Any CPU
		{5BBA82B3-7945-44D6-87D0-21E65F77DDB8}.AppStore|ARM.ActiveCfg = Release|Any CPU
		{5BBA82B3-7945-44D6-87D0-21E65F77DDB8}.AppStore|ARM.Build.0 = Release|Any CPU
		{5BBA82B3-7945-44D6-87D0-21E65F77DDB8}.AppStore|iPhone.ActiveCfg = Release|Any CPU
		{5BBA82B3-7945-44D6-87D0-21E65F77DDB8}.AppStore|iPhone.Build.0 = Release|Any CPU
		{5BBA82B3-7945-44D6-87D0-21E65F77DDB8}.AppStore|iPhoneSimulator.ActiveCfg = Release|Any CPU
		{5BBA82B3-7945-44D6-87D0-21E65F77DDB8}.AppStore|iPhoneSimulator.Build.0 = Release|Any CPU
		{5BBA82B3-7945-44D6-87D0-21E65F77DDB8}.AppStore|x64.ActiveCfg = Release|Any CPU
		{5BBA82B3-7945-44D6-87D0-21E65F77DDB8}.AppStore|x64.Build.0 = Release|Any CPU
		{5BBA82B3-7945-44D6-87D0-21E65F77DDB8}.AppStore|x86.ActiveCfg = Release|Any CPU
		{5BBA82B3-7945-44D6-87D0-21E65F77DDB8}.AppStore|x86.Build.0 = Release|Any CPU
		{5BBA82B3-7945-44D6-87D0-21E65F77DDB8}.Debug|Any CPU.ActiveCfg = Debug|Any CPU
		{5BBA82B3-7945-44D6-87D0-21E65F77DDB8}.Debug|Any CPU.Build.0 = Debug|Any CPU
		{5BBA82B3-7945-44D6-87D0-21E65F77DDB8}.Debug|ARM.ActiveCfg = Debug|Any CPU
		{5BBA82B3-7945-44D6-87D0-21E65F77DDB8}.Debug|ARM.Build.0 = Debug|Any CPU
		{5BBA82B3-7945-44D6-87D0-21E65F77DDB8}.Debug|iPhone.ActiveCfg = Debug|Any CPU
		{5BBA82B3-7945-44D6-87D0-21E65F77DDB8}.Debug|iPhone.Build.0 = Debug|Any CPU
		{5BBA82B3-7945-44D6-87D0-21E65F77DDB8}.Debug|iPhoneSimulator.ActiveCfg = Debug|Any CPU
		{5BBA82B3-7945-44D6-87D0-21E65F77DDB8}.Debug|iPhoneSimulator.Build.0 = Debug|Any CPU
		{5BBA82B3-7945-44D6-87D0-21E65F77DDB8}.Debug|x64.ActiveCfg = Debug|Any CPU
		{5BBA82B3-7945-44D6-87D0-21E65F77DDB8}.Debug|x64.Build.0 = Debug|Any CPU
		{5BBA82B3-7945-44D6-87D0-21E65F77DDB8}.Debug|x86.ActiveCfg = Debug|Any CPU
		{5BBA82B3-7945-44D6-87D0-21E65F77DDB8}.Debug|x86.Build.0 = Debug|Any CPU
		{5BBA82B3-7945-44D6-87D0-21E65F77DDB8}.Release|Any CPU.ActiveCfg = Release|Any CPU
		{5BBA82B3-7945-44D6-87D0-21E65F77DDB8}.Release|Any CPU.Build.0 = Release|Any CPU
		{5BBA82B3-7945-44D6-87D0-21E65F77DDB8}.Release|ARM.ActiveCfg = Release|Any CPU
		{5BBA82B3-7945-44D6-87D0-21E65F77DDB8}.Release|ARM.Build.0 = Release|Any CPU
		{5BBA82B3-7945-44D6-87D0-21E65F77DDB8}.Release|iPhone.ActiveCfg = Release|Any CPU
		{5BBA82B3-7945-44D6-87D0-21E65F77DDB8}.Release|iPhone.Build.0 = Release|Any CPU
		{5BBA82B3-7945-44D6-87D0-21E65F77DDB8}.Release|iPhoneSimulator.ActiveCfg = Release|Any CPU
		{5BBA82B3-7945-44D6-87D0-21E65F77DDB8}.Release|iPhoneSimulator.Build.0 = Release|Any CPU
		{5BBA82B3-7945-44D6-87D0-21E65F77DDB8}.Release|x64.ActiveCfg = Release|Any CPU
		{5BBA82B3-7945-44D6-87D0-21E65F77DDB8}.Release|x64.Build.0 = Release|Any CPU
		{5BBA82B3-7945-44D6-87D0-21E65F77DDB8}.Release|x86.ActiveCfg = Release|Any CPU
		{5BBA82B3-7945-44D6-87D0-21E65F77DDB8}.Release|x86.Build.0 = Release|Any CPU
		{F956D399-6FB8-4436-B0EA-CB042AA44063}.Ad-Hoc|Any CPU.ActiveCfg = Release|Any CPU
		{F956D399-6FB8-4436-B0EA-CB042AA44063}.Ad-Hoc|Any CPU.Build.0 = Release|Any CPU
		{F956D399-6FB8-4436-B0EA-CB042AA44063}.Ad-Hoc|Any CPU.Deploy.0 = Release|Any CPU
		{F956D399-6FB8-4436-B0EA-CB042AA44063}.Ad-Hoc|ARM.ActiveCfg = Release|Any CPU
		{F956D399-6FB8-4436-B0EA-CB042AA44063}.Ad-Hoc|ARM.Build.0 = Release|Any CPU
		{F956D399-6FB8-4436-B0EA-CB042AA44063}.Ad-Hoc|ARM.Deploy.0 = Release|Any CPU
		{F956D399-6FB8-4436-B0EA-CB042AA44063}.Ad-Hoc|iPhone.ActiveCfg = Release|Any CPU
		{F956D399-6FB8-4436-B0EA-CB042AA44063}.Ad-Hoc|iPhone.Build.0 = Release|Any CPU
		{F956D399-6FB8-4436-B0EA-CB042AA44063}.Ad-Hoc|iPhone.Deploy.0 = Release|Any CPU
		{F956D399-6FB8-4436-B0EA-CB042AA44063}.Ad-Hoc|iPhoneSimulator.ActiveCfg = Release|Any CPU
		{F956D399-6FB8-4436-B0EA-CB042AA44063}.Ad-Hoc|iPhoneSimulator.Build.0 = Release|Any CPU
		{F956D399-6FB8-4436-B0EA-CB042AA44063}.Ad-Hoc|iPhoneSimulator.Deploy.0 = Release|Any CPU
		{F956D399-6FB8-4436-B0EA-CB042AA44063}.Ad-Hoc|x64.ActiveCfg = Release|Any CPU
		{F956D399-6FB8-4436-B0EA-CB042AA44063}.Ad-Hoc|x64.Build.0 = Release|Any CPU
		{F956D399-6FB8-4436-B0EA-CB042AA44063}.Ad-Hoc|x64.Deploy.0 = Release|Any CPU
		{F956D399-6FB8-4436-B0EA-CB042AA44063}.Ad-Hoc|x86.ActiveCfg = Release|Any CPU
		{F956D399-6FB8-4436-B0EA-CB042AA44063}.Ad-Hoc|x86.Build.0 = Release|Any CPU
		{F956D399-6FB8-4436-B0EA-CB042AA44063}.Ad-Hoc|x86.Deploy.0 = Release|Any CPU
		{F956D399-6FB8-4436-B0EA-CB042AA44063}.AppStore|Any CPU.ActiveCfg = Release|Any CPU
		{F956D399-6FB8-4436-B0EA-CB042AA44063}.AppStore|Any CPU.Build.0 = Release|Any CPU
		{F956D399-6FB8-4436-B0EA-CB042AA44063}.AppStore|Any CPU.Deploy.0 = Release|Any CPU
		{F956D399-6FB8-4436-B0EA-CB042AA44063}.AppStore|ARM.ActiveCfg = Release|Any CPU
		{F956D399-6FB8-4436-B0EA-CB042AA44063}.AppStore|ARM.Build.0 = Release|Any CPU
		{F956D399-6FB8-4436-B0EA-CB042AA44063}.AppStore|ARM.Deploy.0 = Release|Any CPU
		{F956D399-6FB8-4436-B0EA-CB042AA44063}.AppStore|iPhone.ActiveCfg = Release|Any CPU
		{F956D399-6FB8-4436-B0EA-CB042AA44063}.AppStore|iPhone.Build.0 = Release|Any CPU
		{F956D399-6FB8-4436-B0EA-CB042AA44063}.AppStore|iPhone.Deploy.0 = Release|Any CPU
		{F956D399-6FB8-4436-B0EA-CB042AA44063}.AppStore|iPhoneSimulator.ActiveCfg = Release|Any CPU
		{F956D399-6FB8-4436-B0EA-CB042AA44063}.AppStore|iPhoneSimulator.Build.0 = Release|Any CPU
		{F956D399-6FB8-4436-B0EA-CB042AA44063}.AppStore|iPhoneSimulator.Deploy.0 = Release|Any CPU
		{F956D399-6FB8-4436-B0EA-CB042AA44063}.AppStore|x64.ActiveCfg = Release|Any CPU
		{F956D399-6FB8-4436-B0EA-CB042AA44063}.AppStore|x64.Build.0 = Release|Any CPU
		{F956D399-6FB8-4436-B0EA-CB042AA44063}.AppStore|x64.Deploy.0 = Release|Any CPU
		{F956D399-6FB8-4436-B0EA-CB042AA44063}.AppStore|x86.ActiveCfg = Release|Any CPU
		{F956D399-6FB8-4436-B0EA-CB042AA44063}.AppStore|x86.Build.0 = Release|Any CPU
		{F956D399-6FB8-4436-B0EA-CB042AA44063}.AppStore|x86.Deploy.0 = Release|Any CPU
		{F956D399-6FB8-4436-B0EA-CB042AA44063}.Debug|Any CPU.ActiveCfg = Debug|Any CPU
		{F956D399-6FB8-4436-B0EA-CB042AA44063}.Debug|Any CPU.Build.0 = Debug|Any CPU
		{F956D399-6FB8-4436-B0EA-CB042AA44063}.Debug|Any CPU.Deploy.0 = Debug|Any CPU
		{F956D399-6FB8-4436-B0EA-CB042AA44063}.Debug|ARM.ActiveCfg = Debug|Any CPU
		{F956D399-6FB8-4436-B0EA-CB042AA44063}.Debug|ARM.Build.0 = Debug|Any CPU
		{F956D399-6FB8-4436-B0EA-CB042AA44063}.Debug|ARM.Deploy.0 = Debug|Any CPU
		{F956D399-6FB8-4436-B0EA-CB042AA44063}.Debug|iPhone.ActiveCfg = Debug|Any CPU
		{F956D399-6FB8-4436-B0EA-CB042AA44063}.Debug|iPhone.Build.0 = Debug|Any CPU
		{F956D399-6FB8-4436-B0EA-CB042AA44063}.Debug|iPhone.Deploy.0 = Debug|Any CPU
		{F956D399-6FB8-4436-B0EA-CB042AA44063}.Debug|iPhoneSimulator.ActiveCfg = Debug|Any CPU
		{F956D399-6FB8-4436-B0EA-CB042AA44063}.Debug|iPhoneSimulator.Build.0 = Debug|Any CPU
		{F956D399-6FB8-4436-B0EA-CB042AA44063}.Debug|iPhoneSimulator.Deploy.0 = Debug|Any CPU
		{F956D399-6FB8-4436-B0EA-CB042AA44063}.Debug|x64.ActiveCfg = Debug|Any CPU
		{F956D399-6FB8-4436-B0EA-CB042AA44063}.Debug|x64.Build.0 = Debug|Any CPU
		{F956D399-6FB8-4436-B0EA-CB042AA44063}.Debug|x64.Deploy.0 = Debug|Any CPU
		{F956D399-6FB8-4436-B0EA-CB042AA44063}.Debug|x86.ActiveCfg = Debug|Any CPU
		{F956D399-6FB8-4436-B0EA-CB042AA44063}.Debug|x86.Build.0 = Debug|Any CPU
		{F956D399-6FB8-4436-B0EA-CB042AA44063}.Debug|x86.Deploy.0 = Debug|Any CPU
		{F956D399-6FB8-4436-B0EA-CB042AA44063}.Release|Any CPU.ActiveCfg = Release|Any CPU
		{F956D399-6FB8-4436-B0EA-CB042AA44063}.Release|Any CPU.Build.0 = Release|Any CPU
		{F956D399-6FB8-4436-B0EA-CB042AA44063}.Release|Any CPU.Deploy.0 = Release|Any CPU
		{F956D399-6FB8-4436-B0EA-CB042AA44063}.Release|ARM.ActiveCfg = Release|Any CPU
		{F956D399-6FB8-4436-B0EA-CB042AA44063}.Release|ARM.Build.0 = Release|Any CPU
		{F956D399-6FB8-4436-B0EA-CB042AA44063}.Release|ARM.Deploy.0 = Release|Any CPU
		{F956D399-6FB8-4436-B0EA-CB042AA44063}.Release|iPhone.ActiveCfg = Release|Any CPU
		{F956D399-6FB8-4436-B0EA-CB042AA44063}.Release|iPhone.Build.0 = Release|Any CPU
		{F956D399-6FB8-4436-B0EA-CB042AA44063}.Release|iPhone.Deploy.0 = Release|Any CPU
		{F956D399-6FB8-4436-B0EA-CB042AA44063}.Release|iPhoneSimulator.ActiveCfg = Release|Any CPU
		{F956D399-6FB8-4436-B0EA-CB042AA44063}.Release|iPhoneSimulator.Build.0 = Release|Any CPU
		{F956D399-6FB8-4436-B0EA-CB042AA44063}.Release|iPhoneSimulator.Deploy.0 = Release|Any CPU
		{F956D399-6FB8-4436-B0EA-CB042AA44063}.Release|x64.ActiveCfg = Release|Any CPU
		{F956D399-6FB8-4436-B0EA-CB042AA44063}.Release|x64.Build.0 = Release|Any CPU
		{F956D399-6FB8-4436-B0EA-CB042AA44063}.Release|x64.Deploy.0 = Release|Any CPU
		{F956D399-6FB8-4436-B0EA-CB042AA44063}.Release|x86.ActiveCfg = Release|Any CPU
		{F956D399-6FB8-4436-B0EA-CB042AA44063}.Release|x86.Build.0 = Release|Any CPU
		{F956D399-6FB8-4436-B0EA-CB042AA44063}.Release|x86.Deploy.0 = Release|Any CPU
		{DFFF5873-E346-4297-A719-63683F0447EC}.Ad-Hoc|Any CPU.ActiveCfg = Ad-Hoc|iPhone
		{DFFF5873-E346-4297-A719-63683F0447EC}.Ad-Hoc|ARM.ActiveCfg = Ad-Hoc|iPhone
		{DFFF5873-E346-4297-A719-63683F0447EC}.Ad-Hoc|iPhone.ActiveCfg = Ad-Hoc|iPhone
		{DFFF5873-E346-4297-A719-63683F0447EC}.Ad-Hoc|iPhone.Build.0 = Ad-Hoc|iPhone
		{DFFF5873-E346-4297-A719-63683F0447EC}.Ad-Hoc|iPhoneSimulator.ActiveCfg = Ad-Hoc|iPhoneSimulator
		{DFFF5873-E346-4297-A719-63683F0447EC}.Ad-Hoc|iPhoneSimulator.Build.0 = Ad-Hoc|iPhoneSimulator
		{DFFF5873-E346-4297-A719-63683F0447EC}.Ad-Hoc|x64.ActiveCfg = Ad-Hoc|iPhone
		{DFFF5873-E346-4297-A719-63683F0447EC}.Ad-Hoc|x86.ActiveCfg = Ad-Hoc|iPhone
		{DFFF5873-E346-4297-A719-63683F0447EC}.AppStore|Any CPU.ActiveCfg = AppStore|iPhone
		{DFFF5873-E346-4297-A719-63683F0447EC}.AppStore|ARM.ActiveCfg = AppStore|iPhone
		{DFFF5873-E346-4297-A719-63683F0447EC}.AppStore|iPhone.ActiveCfg = AppStore|iPhone
		{DFFF5873-E346-4297-A719-63683F0447EC}.AppStore|iPhone.Build.0 = AppStore|iPhone
		{DFFF5873-E346-4297-A719-63683F0447EC}.AppStore|iPhoneSimulator.ActiveCfg = AppStore|iPhoneSimulator
		{DFFF5873-E346-4297-A719-63683F0447EC}.AppStore|iPhoneSimulator.Build.0 = AppStore|iPhoneSimulator
		{DFFF5873-E346-4297-A719-63683F0447EC}.AppStore|x64.ActiveCfg = AppStore|iPhone
		{DFFF5873-E346-4297-A719-63683F0447EC}.AppStore|x86.ActiveCfg = AppStore|iPhone
		{DFFF5873-E346-4297-A719-63683F0447EC}.Debug|Any CPU.ActiveCfg = Debug|iPhone
		{DFFF5873-E346-4297-A719-63683F0447EC}.Debug|ARM.ActiveCfg = Debug|iPhone
		{DFFF5873-E346-4297-A719-63683F0447EC}.Debug|iPhone.ActiveCfg = Debug|iPhone
		{DFFF5873-E346-4297-A719-63683F0447EC}.Debug|iPhone.Build.0 = Debug|iPhone
		{DFFF5873-E346-4297-A719-63683F0447EC}.Debug|iPhoneSimulator.ActiveCfg = Debug|iPhoneSimulator
		{DFFF5873-E346-4297-A719-63683F0447EC}.Debug|iPhoneSimulator.Build.0 = Debug|iPhoneSimulator
		{DFFF5873-E346-4297-A719-63683F0447EC}.Debug|x64.ActiveCfg = Debug|iPhone
		{DFFF5873-E346-4297-A719-63683F0447EC}.Debug|x86.ActiveCfg = Debug|iPhone
		{DFFF5873-E346-4297-A719-63683F0447EC}.Release|Any CPU.ActiveCfg = Release|iPhone
		{DFFF5873-E346-4297-A719-63683F0447EC}.Release|ARM.ActiveCfg = Release|iPhone
		{DFFF5873-E346-4297-A719-63683F0447EC}.Release|iPhone.ActiveCfg = Release|iPhone
		{DFFF5873-E346-4297-A719-63683F0447EC}.Release|iPhone.Build.0 = Release|iPhone
		{DFFF5873-E346-4297-A719-63683F0447EC}.Release|iPhoneSimulator.ActiveCfg = Release|iPhoneSimulator
		{DFFF5873-E346-4297-A719-63683F0447EC}.Release|iPhoneSimulator.Build.0 = Release|iPhoneSimulator
		{DFFF5873-E346-4297-A719-63683F0447EC}.Release|x64.ActiveCfg = Release|iPhone
		{DFFF5873-E346-4297-A719-63683F0447EC}.Release|x86.ActiveCfg = Release|iPhone
		{4DA06297-7B08-42A7-A63B-D7E8BC513BCA}.Ad-Hoc|Any CPU.ActiveCfg = Release|Any CPU
		{4DA06297-7B08-42A7-A63B-D7E8BC513BCA}.Ad-Hoc|Any CPU.Build.0 = Release|Any CPU
		{4DA06297-7B08-42A7-A63B-D7E8BC513BCA}.Ad-Hoc|ARM.ActiveCfg = Release|Any CPU
		{4DA06297-7B08-42A7-A63B-D7E8BC513BCA}.Ad-Hoc|ARM.Build.0 = Release|Any CPU
		{4DA06297-7B08-42A7-A63B-D7E8BC513BCA}.Ad-Hoc|iPhone.ActiveCfg = Release|Any CPU
		{4DA06297-7B08-42A7-A63B-D7E8BC513BCA}.Ad-Hoc|iPhone.Build.0 = Release|Any CPU
		{4DA06297-7B08-42A7-A63B-D7E8BC513BCA}.Ad-Hoc|iPhoneSimulator.ActiveCfg = Release|Any CPU
		{4DA06297-7B08-42A7-A63B-D7E8BC513BCA}.Ad-Hoc|iPhoneSimulator.Build.0 = Release|Any CPU
		{4DA06297-7B08-42A7-A63B-D7E8BC513BCA}.Ad-Hoc|x64.ActiveCfg = Release|Any CPU
		{4DA06297-7B08-42A7-A63B-D7E8BC513BCA}.Ad-Hoc|x64.Build.0 = Release|Any CPU
		{4DA06297-7B08-42A7-A63B-D7E8BC513BCA}.Ad-Hoc|x86.ActiveCfg = Release|Any CPU
		{4DA06297-7B08-42A7-A63B-D7E8BC513BCA}.Ad-Hoc|x86.Build.0 = Release|Any CPU
		{4DA06297-7B08-42A7-A63B-D7E8BC513BCA}.AppStore|Any CPU.ActiveCfg = Release|Any CPU
		{4DA06297-7B08-42A7-A63B-D7E8BC513BCA}.AppStore|Any CPU.Build.0 = Release|Any CPU
		{4DA06297-7B08-42A7-A63B-D7E8BC513BCA}.AppStore|ARM.ActiveCfg = Release|Any CPU
		{4DA06297-7B08-42A7-A63B-D7E8BC513BCA}.AppStore|ARM.Build.0 = Release|Any CPU
		{4DA06297-7B08-42A7-A63B-D7E8BC513BCA}.AppStore|iPhone.ActiveCfg = Release|Any CPU
		{4DA06297-7B08-42A7-A63B-D7E8BC513BCA}.AppStore|iPhone.Build.0 = Release|Any CPU
		{4DA06297-7B08-42A7-A63B-D7E8BC513BCA}.AppStore|iPhoneSimulator.ActiveCfg = Release|Any CPU
		{4DA06297-7B08-42A7-A63B-D7E8BC513BCA}.AppStore|iPhoneSimulator.Build.0 = Release|Any CPU
		{4DA06297-7B08-42A7-A63B-D7E8BC513BCA}.AppStore|x64.ActiveCfg = Release|Any CPU
		{4DA06297-7B08-42A7-A63B-D7E8BC513BCA}.AppStore|x64.Build.0 = Release|Any CPU
		{4DA06297-7B08-42A7-A63B-D7E8BC513BCA}.AppStore|x86.ActiveCfg = Release|Any CPU
		{4DA06297-7B08-42A7-A63B-D7E8BC513BCA}.AppStore|x86.Build.0 = Release|Any CPU
		{4DA06297-7B08-42A7-A63B-D7E8BC513BCA}.Debug|Any CPU.ActiveCfg = Debug|Any CPU
		{4DA06297-7B08-42A7-A63B-D7E8BC513BCA}.Debug|Any CPU.Build.0 = Debug|Any CPU
		{4DA06297-7B08-42A7-A63B-D7E8BC513BCA}.Debug|ARM.ActiveCfg = Debug|Any CPU
		{4DA06297-7B08-42A7-A63B-D7E8BC513BCA}.Debug|ARM.Build.0 = Debug|Any CPU
		{4DA06297-7B08-42A7-A63B-D7E8BC513BCA}.Debug|iPhone.ActiveCfg = Debug|Any CPU
		{4DA06297-7B08-42A7-A63B-D7E8BC513BCA}.Debug|iPhone.Build.0 = Debug|Any CPU
		{4DA06297-7B08-42A7-A63B-D7E8BC513BCA}.Debug|iPhoneSimulator.ActiveCfg = Debug|Any CPU
		{4DA06297-7B08-42A7-A63B-D7E8BC513BCA}.Debug|iPhoneSimulator.Build.0 = Debug|Any CPU
		{4DA06297-7B08-42A7-A63B-D7E8BC513BCA}.Debug|x64.ActiveCfg = Debug|Any CPU
		{4DA06297-7B08-42A7-A63B-D7E8BC513BCA}.Debug|x64.Build.0 = Debug|Any CPU
		{4DA06297-7B08-42A7-A63B-D7E8BC513BCA}.Debug|x86.ActiveCfg = Debug|Any CPU
		{4DA06297-7B08-42A7-A63B-D7E8BC513BCA}.Debug|x86.Build.0 = Debug|Any CPU
		{4DA06297-7B08-42A7-A63B-D7E8BC513BCA}.Release|Any CPU.ActiveCfg = Release|Any CPU
		{4DA06297-7B08-42A7-A63B-D7E8BC513BCA}.Release|Any CPU.Build.0 = Release|Any CPU
		{4DA06297-7B08-42A7-A63B-D7E8BC513BCA}.Release|ARM.ActiveCfg = Release|Any CPU
		{4DA06297-7B08-42A7-A63B-D7E8BC513BCA}.Release|ARM.Build.0 = Release|Any CPU
		{4DA06297-7B08-42A7-A63B-D7E8BC513BCA}.Release|iPhone.ActiveCfg = Release|Any CPU
		{4DA06297-7B08-42A7-A63B-D7E8BC513BCA}.Release|iPhone.Build.0 = Release|Any CPU
		{4DA06297-7B08-42A7-A63B-D7E8BC513BCA}.Release|iPhoneSimulator.ActiveCfg = Release|Any CPU
		{4DA06297-7B08-42A7-A63B-D7E8BC513BCA}.Release|iPhoneSimulator.Build.0 = Release|Any CPU
		{4DA06297-7B08-42A7-A63B-D7E8BC513BCA}.Release|x64.ActiveCfg = Release|Any CPU
		{4DA06297-7B08-42A7-A63B-D7E8BC513BCA}.Release|x64.Build.0 = Release|Any CPU
		{4DA06297-7B08-42A7-A63B-D7E8BC513BCA}.Release|x86.ActiveCfg = Release|Any CPU
		{4DA06297-7B08-42A7-A63B-D7E8BC513BCA}.Release|x86.Build.0 = Release|Any CPU
	EndGlobalSection
	GlobalSection(SolutionProperties) = preSolution
		HideSolutionNode = FALSE
	EndGlobalSection
EndGlobal
